
Microsoft Visual Studio Solution File, Format Version 12.00
# Visual Studio Version 16
VisualStudioVersion = 25.0.1706.12
MinimumVisualStudioVersion = 10.0.40219.1
Project("{FAE04EC0-301F-11D3-BF4B-00C04F79EFBC}") = "Project", "Project.csproj", "{A7DB5AD9-DB6D-4DF0-8DCA-123266A9513B}"
EndProject
Global
	GlobalSection(SolutionConfigurationPlatforms) = preSolution
		Debug|Any CPU = Debug|Any CPU
		Release|Any CPU = Release|Any CPU
	EndGlobalSection
	GlobalSection(ProjectConfigurationPlatforms) = postSolution
		{A7DB5AD9-DB6D-4DF0-8DCA-123266A9513B}.Debug|Any CPU.ActiveCfg = Debug|Any CPU
		{A7DB5AD9-DB6D-4DF0-8DCA-123266A9513B}.Debug|Any CPU.Build.0 = Debug|Any CPU
		{A7DB5AD9-DB6D-4DF0-8DCA-123266A9513B}.Release|Any CPU.ActiveCfg = Release|Any CPU
		{A7DB5AD9-DB6D-4DF0-8DCA-123266A9513B}.Release|Any CPU.Build.0 = Release|Any CPU
	EndGlobalSection
	GlobalSection(SolutionProperties) = preSolution
		HideSolutionNode = FALSE
	EndGlobalSection
	GlobalSection(ExtensibilityGlobals) = postSolution
		SolutionGuid = {D533C5F7-B8B0-4237-BEAA-A6E6B426AF4E}
	EndGlobalSection
EndGlobal
